
Microsoft Visual Studio Solution File, Format Version 12.00
# Visual Studio Version 16
VisualStudioVersion = 16.0.29728.190
MinimumVisualStudioVersion = 10.0.40219.1
Project("{8BC9CEB8-8B4A-11D0-8D11-00A0C91BC942}") = "Meson", "Meson\Meson.vcxproj", "{3170F93C-23A9-447A-B23C-2644FFF97317}"
EndProject
Project("{8BC9CEB8-8B4A-11D0-8D11-00A0C91BC942}") = "Sandbox", "Sandbox\Sandbox.vcxproj", "{5D4EF710-E919-4361-8F0C-5001239ACF95}"
	ProjectSection(ProjectDependencies) = postProject
		{3170F93C-23A9-447A-B23C-2644FFF97317} = {3170F93C-23A9-447A-B23C-2644FFF97317}
	EndProjectSection
EndProject
Global
	GlobalSection(SolutionConfigurationPlatforms) = preSolution
		Debug|x64 = Debug|x64
		Debug|x86 = Debug|x86
		Release|x64 = Release|x64
		Release|x86 = Release|x86
	EndGlobalSection
	GlobalSection(ProjectConfigurationPlatforms) = postSolution
		{3170F93C-23A9-447A-B23C-2644FFF97317}.Debug|x64.ActiveCfg = Debug|x64
		{3170F93C-23A9-447A-B23C-2644FFF97317}.Debug|x64.Build.0 = Debug|x64
		{3170F93C-23A9-447A-B23C-2644FFF97317}.Debug|x86.ActiveCfg = Debug|Win32
		{3170F93C-23A9-447A-B23C-2644FFF97317}.Debug|x86.Build.0 = Debug|Win32
		{3170F93C-23A9-447A-B23C-2644FFF97317}.Release|x64.ActiveCfg = Release|x64
		{3170F93C-23A9-447A-B23C-2644FFF97317}.Release|x64.Build.0 = Release|x64
		{3170F93C-23A9-447A-B23C-2644FFF97317}.Release|x86.ActiveCfg = Release|Win32
		{3170F93C-23A9-447A-B23C-2644FFF97317}.Release|x86.Build.0 = Release|Win32
		{5D4EF710-E919-4361-8F0C-5001239ACF95}.Debug|x64.ActiveCfg = Debug|x64
		{5D4EF710-E919-4361-8F0C-5001239ACF95}.Debug|x64.Build.0 = Debug|x64
		{5D4EF710-E919-4361-8F0C-5001239ACF95}.Debug|x86.ActiveCfg = Debug|Win32
		{5D4EF710-E919-4361-8F0C-5001239ACF95}.Debug|x86.Build.0 = Debug|Win32
		{5D4EF710-E919-4361-8F0C-5001239ACF95}.Release|x64.ActiveCfg = Release|x64
		{5D4EF710-E919-4361-8F0C-5001239ACF95}.Release|x64.Build.0 = Release|x64
		{5D4EF710-E919-4361-8F0C-5001239ACF95}.Release|x86.ActiveCfg = Release|Win32
		{5D4EF710-E919-4361-8F0C-5001239ACF95}.Release|x86.Build.0 = Release|Win32
	EndGlobalSection
	GlobalSection(SolutionProperties) = preSolution
		HideSolutionNode = FALSE
	EndGlobalSection
	GlobalSection(ExtensibilityGlobals) = postSolution
		SolutionGuid = {4D40A9CF-ADC8-440C-B0AC-2780256EE530}
	EndGlobalSection
EndGlobal
